
Microsoft Visual Studio Solution File, Format Version 12.00
# Visual Studio Version 17
VisualStudioVersion = 17.7.34221.43
MinimumVisualStudioVersion = 10.0.40219.1
Project("{FAE04EC0-301F-11D3-BF4B-00C04F79EFBC}") = "Studentadministrasjonssystem", "Studentadministrasjonssystem\Studentadministrasjonssystem.csproj", "{88D55B76-9502-482A-B548-D2B4951D3C17}"
EndProject
Global
	GlobalSection(SolutionConfigurationPlatforms) = preSolution
		Debug|Any CPU = Debug|Any CPU
		Release|Any CPU = Release|Any CPU
	EndGlobalSection
	GlobalSection(ProjectConfigurationPlatforms) = postSolution
		{88D55B76-9502-482A-B548-D2B4951D3C17}.Debug|Any CPU.ActiveCfg = Debug|Any CPU
		{88D55B76-9502-482A-B548-D2B4951D3C17}.Debug|Any CPU.Build.0 = Debug|Any CPU
		{88D55B76-9502-482A-B548-D2B4951D3C17}.Release|Any CPU.ActiveCfg = Release|Any CPU
		{88D55B76-9502-482A-B548-D2B4951D3C17}.Release|Any CPU.Build.0 = Release|Any CPU
	EndGlobalSection
	GlobalSection(SolutionProperties) = preSolution
		HideSolutionNode = FALSE
	EndGlobalSection
	GlobalSection(ExtensibilityGlobals) = postSolution
		SolutionGuid = {C2D01C1F-226C-4E0A-9CDA-506D84EB7B54}
	EndGlobalSection
EndGlobal
